
Microsoft Visual Studio Solution File, Format Version 12.00
# Visual Studio 15
VisualStudioVersion = 15.0.26430.16
MinimumVisualStudioVersion = 10.0.40219.1
Project("{FAE04EC0-301F-11D3-BF4B-00C04F79EFBC}") = "PlaylistBuilder", "PlaylistBuilder\PlaylistBuilder.csproj", "{A14B0C32-FF17-4DE4-930E-2A3DDA3CBF06}"
EndProject
Global
	GlobalSection(SolutionConfigurationPlatforms) = preSolution
		Debug|Any CPU = Debug|Any CPU
		Release|Any CPU = Release|Any CPU
	EndGlobalSection
	GlobalSection(ProjectConfigurationPlatforms) = postSolution
		{A14B0C32-FF17-4DE4-930E-2A3DDA3CBF06}.Debug|Any CPU.ActiveCfg = Debug|Any CPU
		{A14B0C32-FF17-4DE4-930E-2A3DDA3CBF06}.Debug|Any CPU.Build.0 = Debug|Any CPU
		{A14B0C32-FF17-4DE4-930E-2A3DDA3CBF06}.Release|Any CPU.ActiveCfg = Release|Any CPU
		{A14B0C32-FF17-4DE4-930E-2A3DDA3CBF06}.Release|Any CPU.Build.0 = Release|Any CPU
	EndGlobalSection
	GlobalSection(SolutionProperties) = preSolution
		HideSolutionNode = FALSE
	EndGlobalSection
EndGlobal
